{
    "name": "memdb-client",
    "version": "0.5.7",
    "lockfileVersion": 2,
    "requires": true,
    "packages": {
        "": {
            "name": "memdb-client",
            "version": "0.5.7",
            "dependencies": {
                "async-lock": "~0.3.5",
                "bluebird": "2.9.34",
                "lodash": "~3.7.0",
                "memdb-logger": "~0.1.7",
                "mongodb": "2.0.39",
                "mongoose": "^5.13.14",
                "node-uuid": "~1.4.3"
            },
            "devDependencies": {},
            "engines": {
                "node": ">=0.10.x"
            }
        },
        "node_modules/@types/bson": {
            "version": "4.0.5",
            "resolved": "https://registry.npmjs.org/@types/bson/-/bson-4.0.5.tgz",
            "integrity": "sha512-vVLwMUqhYJSQ/WKcE60eFqcyuWse5fGH+NMAXHuKrUAPoryq3ATxk5o4bgYNtg5aOM4APVg7Hnb3ASqUYG0PKg==",
            "dependencies": {
                "@types/node": "*"
            }
        },
        "node_modules/@types/mongodb": {
            "version": "3.6.20",
            "resolved": "https://registry.npmjs.org/@types/mongodb/-/mongodb-3.6.20.tgz",
            "integrity": "sha512-WcdpPJCakFzcWWD9juKoZbRtQxKIMYF/JIAM4JrNHrMcnJL6/a2NWjXxW7fo9hxboxxkg+icff8d7+WIEvKgYQ==",
            "dependencies": {
                "@types/bson": "*",
                "@types/node": "*"
            }
        },
        "node_modules/@types/node": {
            "version": "18.0.6",
            "resolved": "https://registry.npmjs.org/@types/node/-/node-18.0.6.tgz",
            "integrity": "sha512-/xUq6H2aQm261exT6iZTMifUySEt4GR5KX8eYyY+C4MSNPqSh9oNIP7tz2GLKTlFaiBbgZNxffoR3CVRG+cljw=="
        },
        "node_modules/async": {
            "version": "0.2.10",
            "resolved": "https://registry.npmjs.org/async/-/async-0.2.10.tgz",
            "integrity": "sha512-eAkdoKxU6/LkKDBzLpT+t6Ff5EtfSF4wx1WfJiPEEV7WNLnDaRXk0oVysiEPm262roaachGexwUv94WhSgN5TQ=="
        },
        "node_modules/async-lock": {
            "version": "0.3.10",
            "resolved": "https://registry.npmjs.org/async-lock/-/async-lock-0.3.10.tgz",
            "integrity": "sha512-wX+7/zs2lzp3InSVoMQ9d9/Buymi2IyjCs1NflxiWz6opNxDUbeZhFt4sEaa44+KdqCzc3LEj7Vf0HNz4Zu+WA==",
            "dependencies": {
                "q": "~1.5.0"
            }
        },
        "node_modules/bl": {
            "version": "2.2.1",
            "resolved": "https://registry.npmjs.org/bl/-/bl-2.2.1.tgz",
            "integrity": "sha512-6Pesp1w0DEX1N550i/uGV/TqucVL4AM/pgThFSN/Qq9si1/DF9aIHs1BxD8V/QU0HoeHO6cQRTAuYnLPKq1e4g==",
            "dependencies": {
                "readable-stream": "^2.3.5",
                "safe-buffer": "^5.1.1"
            }
        },
        "node_modules/bl/node_modules/isarray": {
            "version": "1.0.0",
            "resolved": "https://registry.npmjs.org/isarray/-/isarray-1.0.0.tgz",
            "integrity": "sha512-VLghIWNM6ELQzo7zwmcg0NmTVyWKYjvIeM83yjp0wRDTmUnrM678fQbcKBo6n2CJEF0szoG//ytg+TKla89ALQ=="
        },
        "node_modules/bl/node_modules/readable-stream": {
            "version": "2.3.7",
            "resolved": "https://registry.npmjs.org/readable-stream/-/readable-stream-2.3.7.tgz",
            "integrity": "sha512-Ebho8K4jIbHAxnuxi7o42OrZgF/ZTNcsZj6nRKyUmkhLFq8CHItp/fy6hQZuZmP/n3yZ9VBUbp4zz/mX8hmYPw==",
            "dependencies": {
                "core-util-is": "~1.0.0",
                "inherits": "~2.0.3",
                "isarray": "~1.0.0",
                "process-nextick-args": "~2.0.0",
                "safe-buffer": "~5.1.1",
                "string_decoder": "~1.1.1",
                "util-deprecate": "~1.0.1"
            }
        },
        "node_modules/bl/node_modules/safe-buffer": {
            "version": "5.1.2",
            "resolved": "https://registry.npmjs.org/safe-buffer/-/safe-buffer-5.1.2.tgz",
            "integrity": "sha512-Gd2UZBJDkXlY7GbJxfsE8/nvKkUEU1G38c1siN6QP6a9PT9MmHB8GnpscSmMJSoF8LOIrt8ud/wPtojys4G6+g=="
        },
        "node_modules/bl/node_modules/string_decoder": {
            "version": "1.1.1",
            "resolved": "https://registry.npmjs.org/string_decoder/-/string_decoder-1.1.1.tgz",
            "integrity": "sha512-n/ShnvDi6FHbbVfviro+WojiFzv+s8MPMHBczVePfUpDJLwoLT0ht1l4YwBCbi8pJAveEEdnkHyPyTP/mzRfwg==",
            "dependencies": {
                "safe-buffer": "~5.1.0"
            }
        },
        "node_modules/bluebird": {
            "version": "2.9.34",
            "resolved": "https://registry.npmjs.org/bluebird/-/bluebird-2.9.34.tgz",
            "integrity": "sha512-ZDzCb87X7/IP1uzQ5eJZB+WoQRGTnKL5DHWvPw6kkMbQseouiQIrEi3P1UGE0D1k0N5/+aP/5GMCyHZ1xYJyHQ=="
        },
        "node_modules/bson": {
            "version": "0.4.23",
            "resolved": "https://registry.npmjs.org/bson/-/bson-0.4.23.tgz",
            "integrity": "sha512-xMUimhLm6y4t9BTW6BQGRHs9PODB9082EUX/Gkx6M9T2ktuJ5LvMxY/20ukuk0Uc+WPL37pbMIy731XF7eTxjg==",
            "deprecated": "Fixed a critical issue with BSON serialization documented in CVE-2019-2391, see https://bit.ly/2KcpXdo for more details",
            "engines": {
                "node": ">=0.6.19"
            }
        },
        "node_modules/core-util-is": {
            "version": "1.0.3",
            "resolved": "https://registry.npmjs.org/core-util-is/-/core-util-is-1.0.3.tgz",
            "integrity": "sha512-ZQBvi1DcpJ4GDqanjucZ2Hj3wEO5pZDS89BWbkcrvdxksJorwUDDZamX9ldFkp9aw2lmBDLgkObEA4DWNJ9FYQ=="
        },
        "node_modules/debug": {
            "version": "3.1.0",
            "resolved": "https://registry.npmjs.org/debug/-/debug-3.1.0.tgz",
            "integrity": "sha512-OX8XqP7/1a9cqkxYw2yXss15f26NKWBpDXQd0/uK/KPqdQhxbPa994hnzjcE2VqQpDslf55723cKPUOGSmMY3g==",
            "dependencies": {
                "ms": "2.0.0"
            }
        },
        "node_modules/debug/node_modules/ms": {
            "version": "2.0.0",
            "resolved": "https://registry.npmjs.org/ms/-/ms-2.0.0.tgz",
            "integrity": "sha512-Tpp60P6IUJDTuOq/5Z8cdskzJujfwqfOTkrwIwj7IRISpnkJnT6SyJ4PCPnGMoFjC9ddhal5KVIYtAt97ix05A=="
        },
        "node_modules/denque": {
            "version": "1.5.1",
            "resolved": "https://registry.npmjs.org/denque/-/denque-1.5.1.tgz",
            "integrity": "sha512-XwE+iZ4D6ZUB7mfYRMb5wByE8L74HCn30FBN7sWnXksWc1LO1bPDl67pBR9o/kC4z/xSNAwkMYcGgqDV3BE3Hw==",
            "engines": {
                "node": ">=0.10"
            }
        },
        "node_modules/es6-promise": {
            "version": "2.1.1",
            "resolved": "https://registry.npmjs.org/es6-promise/-/es6-promise-2.1.1.tgz",
            "integrity": "sha512-R/JdLj56a8CEfCYtt4HC1b0CWTy+XD9Ne3YgictYpB4JaFCdn/QZkaV2Mz4P7g3cpkpvMzz6O20+eqvDOWQc+w=="
        },
        "node_modules/inherits": {
            "version": "2.0.4",
            "resolved": "https://registry.npmjs.org/inherits/-/inherits-2.0.4.tgz",
            "integrity": "sha512-k/vGaX4/Yla3WzyMCvTQOXYeIHvqOKtnqBduzTHpzpQZzAskKMhZ2K+EnBiSM9zGSoIFeMpXKxa4dYeZIQqewQ=="
        },
        "node_modules/isarray": {
            "version": "0.0.1",
            "resolved": "https://registry.npmjs.org/isarray/-/isarray-0.0.1.tgz",
            "integrity": "sha512-D2S+3GLxWH+uhrNEcoh/fnmYeP8E8/zHl644d/jdA0g2uyXvy3sb0qxotE+ne0LtccHknQzWwZEzhak7oJ0COQ=="
        },
        "node_modules/kareem": {
            "version": "2.3.2",
            "resolved": "https://registry.npmjs.org/kareem/-/kareem-2.3.2.tgz",
            "integrity": "sha512-STHz9P7X2L4Kwn72fA4rGyqyXdmrMSdxqHx9IXon/FXluXieaFA6KJ2upcHAHxQPQ0LeM/OjLrhFxifHewOALQ=="
        },
        "node_modules/kerberos": {
            "version": "0.0.24",
            "resolved": "https://registry.npmjs.org/kerberos/-/kerberos-0.0.24.tgz",
            "integrity": "sha512-QO6bFq9eETHB5zcA0OJiQtw137TH45OuUcGtI+QGg2ZJQIPCvwXL2kjCqZZMColcIdbPhj4X40EY5f3oOiBfiw==",
            "hasInstallScript": true,
            "optional": true,
            "dependencies": {
                "nan": "~2.10.0"
            }
        },
        "node_modules/lodash": {
            "version": "3.7.0",
            "resolved": "https://registry.npmjs.org/lodash/-/lodash-3.7.0.tgz",
            "integrity": "sha512-73GDDlioRJOCHV8N9gnBEpjdWI34+e9AvMnS4qdqdMfl8/yH/dJP1tfuqUFccZ/deZQlHuJiRSuKXjKIfDwBOg=="
        },
        "node_modules/log4js": {
            "version": "0.6.21",
            "resolved": "https://registry.npmjs.org/log4js/-/log4js-0.6.21.tgz",
            "integrity": "sha512-FTVbxLoseCb1TWfBMNhlDieSWuoJxVC+F5lQTUYhvbSbd8nduSsGH4m4T5vfXzy2YcDNboHslomKbe6uxvuGEg==",
            "deprecated": "0.x is no longer supported. Please upgrade to 6.x.",
            "dependencies": {
                "async": "~0.2.0",
                "readable-stream": "~1.0.2",
                "semver": "~1.1.4"
            },
            "engines": {
                "node": ">=0.8"
            }
        },
        "node_modules/memdb-logger": {
            "version": "0.1.7",
            "resolved": "https://registry.npmjs.org/memdb-logger/-/memdb-logger-0.1.7.tgz",
            "integrity": "sha512-qE6u3RRgG/vtXdUYq1jlXlaKxDsBw3Hhpg7VzhWlfGH2nKxVAXy9fGEv3aZOuHOXJ6pq8fK+6LEe7YUiiiCZvQ==",
            "dependencies": {
                "log4js": "0.6.21"
            }
        },
        "node_modules/memory-pager": {
            "version": "1.5.0",
            "resolved": "https://registry.npmjs.org/memory-pager/-/memory-pager-1.5.0.tgz",
            "integrity": "sha512-ZS4Bp4r/Zoeq6+NLJpP+0Zzm0pR8whtGPf1XExKLJBAczGMnSi3It14OiNCStjQjM6NU1okjQGSxgEZN8eBYKg==",
            "optional": true
        },
        "node_modules/mongodb": {
            "version": "2.0.39",
            "resolved": "https://registry.npmjs.org/mongodb/-/mongodb-2.0.39.tgz",
            "integrity": "sha512-x+K+n2gMtf80IOL1fldwS1k7pa0Ow032x9upW6BVjC9ZeWjKKmqqe1UaGLk0R2ejRB8e1YlFO1vqGzxVGnh8gA==",
            "deprecated": "Please upgrade to 2.2.19 or higher",
            "dependencies": {
                "es6-promise": "2.1.1",
                "mongodb-core": "1.2.6",
                "readable-stream": "1.0.31"
            }
        },
        "node_modules/mongodb-core": {
            "version": "1.2.6",
            "resolved": "https://registry.npmjs.org/mongodb-core/-/mongodb-core-1.2.6.tgz",
            "integrity": "sha512-vh1NRtI5trsgiP8d41QuYecC9GmDLi+RWRfgJbLvgDQ6J22syIckDzYUWQXXtTzxLpeOYGbuhUlpvQ3Ee2X7UQ==",
            "dependencies": {
                "bson": "~0.4"
            },
            "optionalDependencies": {
                "kerberos": "~0.0"
            }
        },
        "node_modules/mongodb/node_modules/readable-stream": {
            "version": "1.0.31",
            "resolved": "https://registry.npmjs.org/readable-stream/-/readable-stream-1.0.31.tgz",
            "integrity": "sha512-tco/Dwv1f/sgIgN6CWdj/restacPKNskK6yps1981ivH2ZmLYcs5o5rVzL3qaO/cSkhN8hYOMWs7+glzOLSgRg==",
            "dependencies": {
                "core-util-is": "~1.0.0",
                "inherits": "~2.0.1",
                "isarray": "0.0.1",
                "string_decoder": "~0.10.x"
            }
        },
        "node_modules/mongoose": {
            "version": "5.13.14",
            "resolved": "https://registry.npmjs.org/mongoose/-/mongoose-5.13.14.tgz",
            "integrity": "sha512-j+BlQjjxgZg0iWn42kLeZTB91OejcxWpY2Z50bsZTiKJ7HHcEtcY21Godw496GMkBqJMTzmW7G/kZ04mW+Cb7Q==",
            "dependencies": {
                "@types/bson": "1.x || 4.0.x",
                "@types/mongodb": "^3.5.27",
                "bson": "^1.1.4",
                "kareem": "2.3.2",
                "mongodb": "3.7.3",
                "mongoose-legacy-pluralize": "1.0.2",
                "mpath": "0.8.4",
                "mquery": "3.2.5",
                "ms": "2.1.2",
                "optional-require": "1.0.x",
                "regexp-clone": "1.0.0",
                "safe-buffer": "5.2.1",
                "sift": "13.5.2",
                "sliced": "1.0.1"
            },
            "engines": {
                "node": ">=4.0.0"
            },
            "funding": {
                "type": "opencollective",
                "url": "https://opencollective.com/mongoose"
            }
        },
        "node_modules/mongoose-legacy-pluralize": {
            "version": "1.0.2",
            "resolved": "https://registry.npmjs.org/mongoose-legacy-pluralize/-/mongoose-legacy-pluralize-1.0.2.tgz",
            "integrity": "sha512-Yo/7qQU4/EyIS8YDFSeenIvXxZN+ld7YdV9LqFVQJzTLye8unujAWPZ4NWKfFA+RNjh+wvTWKY9Z3E5XM6ZZiQ==",
            "peerDependencies": {
                "mongoose": "*"
            }
        },
        "node_modules/mongoose/node_modules/bson": {
            "version": "1.1.6",
            "resolved": "https://registry.npmjs.org/bson/-/bson-1.1.6.tgz",
            "integrity": "sha512-EvVNVeGo4tHxwi8L6bPj3y3itEvStdwvvlojVxxbyYfoaxJ6keLgrTuKdyfEAszFK+H3olzBuafE0yoh0D1gdg==",
            "engines": {
                "node": ">=0.6.19"
            }
        },
        "node_modules/mongoose/node_modules/mongodb": {
            "version": "3.7.3",
            "resolved": "https://registry.npmjs.org/mongodb/-/mongodb-3.7.3.tgz",
            "integrity": "sha512-Psm+g3/wHXhjBEktkxXsFMZvd3nemI0r3IPsE0bU+4//PnvNWKkzhZcEsbPcYiWqe8XqXJJEg4Tgtr7Raw67Yw==",
            "dependencies": {
                "bl": "^2.2.1",
                "bson": "^1.1.4",
                "denque": "^1.4.1",
                "optional-require": "^1.1.8",
                "safe-buffer": "^5.1.2"
            },
            "engines": {
                "node": ">=4"
            },
            "optionalDependencies": {
                "saslprep": "^1.0.0"
            },
            "peerDependenciesMeta": {
                "aws4": {
                    "optional": true
                },
                "bson-ext": {
                    "optional": true
                },
                "kerberos": {
                    "optional": true
                },
                "mongodb-client-encryption": {
                    "optional": true
                },
                "mongodb-extjson": {
                    "optional": true
                },
                "snappy": {
                    "optional": true
                }
            }
        },
        "node_modules/mongoose/node_modules/mongodb/node_modules/optional-require": {
            "version": "1.1.8",
            "resolved": "https://registry.npmjs.org/optional-require/-/optional-require-1.1.8.tgz",
            "integrity": "sha512-jq83qaUb0wNg9Krv1c5OQ+58EK+vHde6aBPzLvPPqJm89UQWsvSuFy9X/OSNJnFeSOKo7btE0n8Nl2+nE+z5nA==",
            "dependencies": {
                "require-at": "^1.0.6"
            },
            "engines": {
                "node": ">=4"
            }
        },
        "node_modules/mpath": {
            "version": "0.8.4",
            "resolved": "https://registry.npmjs.org/mpath/-/mpath-0.8.4.tgz",
            "integrity": "sha512-DTxNZomBcTWlrMW76jy1wvV37X/cNNxPW1y2Jzd4DZkAaC5ZGsm8bfGfNOthcDuRJujXLqiuS6o3Tpy0JEoh7g==",
            "engines": {
                "node": ">=4.0.0"
            }
        },
        "node_modules/mquery": {
            "version": "3.2.5",
            "resolved": "https://registry.npmjs.org/mquery/-/mquery-3.2.5.tgz",
            "integrity": "sha512-VjOKHHgU84wij7IUoZzFRU07IAxd5kWJaDmyUzQlbjHjyoeK5TNeeo8ZsFDtTYnSgpW6n/nMNIHvE3u8Lbrf4A==",
            "dependencies": {
                "bluebird": "3.5.1",
                "debug": "3.1.0",
                "regexp-clone": "^1.0.0",
                "safe-buffer": "5.1.2",
                "sliced": "1.0.1"
            },
            "engines": {
                "node": ">=4.0.0"
            }
        },
        "node_modules/mquery/node_modules/bluebird": {
            "version": "3.5.1",
            "resolved": "https://registry.npmjs.org/bluebird/-/bluebird-3.5.1.tgz",
            "integrity": "sha512-MKiLiV+I1AA596t9w1sQJ8jkiSr5+ZKi0WKrYGUn6d1Fx+Ij4tIj+m2WMQSGczs5jZVxV339chE8iwk6F64wjA=="
        },
        "node_modules/mquery/node_modules/safe-buffer": {
            "version": "5.1.2",
            "resolved": "https://registry.npmjs.org/safe-buffer/-/safe-buffer-5.1.2.tgz",
            "integrity": "sha512-Gd2UZBJDkXlY7GbJxfsE8/nvKkUEU1G38c1siN6QP6a9PT9MmHB8GnpscSmMJSoF8LOIrt8ud/wPtojys4G6+g=="
        },
        "node_modules/ms": {
            "version": "2.1.2",
            "resolved": "https://registry.npmjs.org/ms/-/ms-2.1.2.tgz",
            "integrity": "sha512-sGkPx+VjMtmA6MX27oA4FBFELFCZZ4S4XqeGOXCv68tT+jb3vk/RyaKWP0PTKyWtmLSM0b+adUTEvbs1PEaH2w=="
        },
        "node_modules/nan": {
            "version": "2.10.0",
            "resolved": "https://registry.npmjs.org/nan/-/nan-2.10.0.tgz",
            "integrity": "sha512-bAdJv7fBLhWC+/Bls0Oza+mvTaNQtP+1RyhhhvD95pgUJz6XM5IzgmxOkItJ9tkoCiplvAnXI1tNmmUD/eScyA==",
            "optional": true
        },
        "node_modules/node-uuid": {
            "version": "1.4.8",
            "resolved": "https://registry.npmjs.org/node-uuid/-/node-uuid-1.4.8.tgz",
            "integrity": "sha512-TkCET/3rr9mUuRp+CpO7qfgT++aAxfDRaalQhwPFzI9BY/2rCDn6OfpZOVggi1AXfTPpfkTrg5f5WQx5G1uLxA==",
            "deprecated": "Use uuid module instead",
            "bin": {
                "uuid": "bin/uuid"
            }
        },
        "node_modules/optional-require": {
            "version": "1.0.3",
            "resolved": "https://registry.npmjs.org/optional-require/-/optional-require-1.0.3.tgz",
            "integrity": "sha512-RV2Zp2MY2aeYK5G+B/Sps8lW5NHAzE5QClbFP15j+PWmP+T9PxlJXBOOLoSAdgwFvS4t0aMR4vpedMkbHfh0nA==",
            "engines": {
                "node": ">=4"
            }
        },
        "node_modules/process-nextick-args": {
            "version": "2.0.1",
            "resolved": "https://registry.npmjs.org/process-nextick-args/-/process-nextick-args-2.0.1.tgz",
            "integrity": "sha512-3ouUOpQhtgrbOa17J7+uxOTpITYWaGP7/AhoR3+A+/1e9skrzelGi/dXzEYyvbxubEF6Wn2ypscTKiKJFFn1ag=="
        },
        "node_modules/q": {
            "version": "1.5.1",
            "resolved": "https://registry.npmjs.org/q/-/q-1.5.1.tgz",
            "integrity": "sha512-kV/CThkXo6xyFEZUugw/+pIOywXcDbFYgSct5cT3gqlbkBE1SJdwy6UQoZvodiWF/ckQLZyDE/Bu1M6gVu5lVw==",
            "engines": {
                "node": ">=0.6.0",
                "teleport": ">=0.2.0"
            }
        },
        "node_modules/readable-stream": {
            "version": "1.0.34",
            "resolved": "https://registry.npmjs.org/readable-stream/-/readable-stream-1.0.34.tgz",
            "integrity": "sha512-ok1qVCJuRkNmvebYikljxJA/UEsKwLl2nI1OmaqAu4/UE+h0wKCHok4XkL/gvi39OacXvw59RJUOFUkDib2rHg==",
            "dependencies": {
                "core-util-is": "~1.0.0",
                "inherits": "~2.0.1",
                "isarray": "0.0.1",
                "string_decoder": "~0.10.x"
            }
        },
        "node_modules/regexp-clone": {
            "version": "1.0.0",
            "resolved": "https://registry.npmjs.org/regexp-clone/-/regexp-clone-1.0.0.tgz",
            "integrity": "sha512-TuAasHQNamyyJ2hb97IuBEif4qBHGjPHBS64sZwytpLEqtBQ1gPJTnOaQ6qmpET16cK14kkjbazl6+p0RRv0yw=="
        },
        "node_modules/require-at": {
            "version": "1.0.6",
            "resolved": "https://registry.npmjs.org/require-at/-/require-at-1.0.6.tgz",
            "integrity": "sha512-7i1auJbMUrXEAZCOQ0VNJgmcT2VOKPRl2YGJwgpHpC9CE91Mv4/4UYIUm4chGJaI381ZDq1JUicFii64Hapd8g==",
            "engines": {
                "node": ">=4"
            }
        },
        "node_modules/safe-buffer": {
            "version": "5.2.1",
            "resolved": "https://registry.npmjs.org/safe-buffer/-/safe-buffer-5.2.1.tgz",
            "integrity": "sha512-rp3So07KcdmmKbGvgaNxQSJr7bGVSVk5S9Eq1F+ppbRo70+YeaDxkw5Dd8NPN+GD6bjnYm2VuPuCXmpuYvmCXQ==",
            "funding": [
                {
                    "type": "github",
                    "url": "https://github.com/sponsors/feross"
                },
                {
                    "type": "patreon",
                    "url": "https://www.patreon.com/feross"
                },
                {
                    "type": "consulting",
                    "url": "https://feross.org/support"
                }
            ]
        },
        "node_modules/saslprep": {
            "version": "1.0.3",
            "resolved": "https://registry.npmjs.org/saslprep/-/saslprep-1.0.3.tgz",
            "integrity": "sha512-/MY/PEMbk2SuY5sScONwhUDsV2p77Znkb/q3nSVstq/yQzYJOH/Azh29p9oJLsl3LnQwSvZDKagDGBsBwSooag==",
            "optional": true,
            "dependencies": {
                "sparse-bitfield": "^3.0.3"
            },
            "engines": {
                "node": ">=6"
            }
        },
        "node_modules/semver": {
            "version": "1.1.4",
            "resolved": "https://registry.npmjs.org/semver/-/semver-1.1.4.tgz",
            "integrity": "sha512-9causpLEkYDrfTz7cprleLz9dnlb0oKsKRHl33K92wJmXLhVc2dGlrQGJT/sjtLOAyuoQZl+ClI77+lnvzPSKg==",
            "bin": {
                "semver": "bin/semver"
            }
        },
        "node_modules/sift": {
            "version": "13.5.2",
            "resolved": "https://registry.npmjs.org/sift/-/sift-13.5.2.tgz",
            "integrity": "sha512-+gxdEOMA2J+AI+fVsCqeNn7Tgx3M9ZN9jdi95939l1IJ8cZsqS8sqpJyOkic2SJk+1+98Uwryt/gL6XDaV+UZA=="
        },
        "node_modules/sliced": {
            "version": "1.0.1",
            "resolved": "https://registry.npmjs.org/sliced/-/sliced-1.0.1.tgz",
            "integrity": "sha512-VZBmZP8WU3sMOZm1bdgTadsQbcscK0UM8oKxKVBs4XAhUo2Xxzm/OFMGBkPusxw9xL3Uy8LrzEqGqJhclsr0yA=="
        },
        "node_modules/sparse-bitfield": {
            "version": "3.0.3",
            "resolved": "https://registry.npmjs.org/sparse-bitfield/-/sparse-bitfield-3.0.3.tgz",
            "integrity": "sha512-kvzhi7vqKTfkh0PZU+2D2PIllw2ymqJKujUcyPMd9Y75Nv4nPbGJZXNhxsgdQab2BmlDct1YnfQCguEvHr7VsQ==",
            "optional": true,
            "dependencies": {
                "memory-pager": "^1.0.2"
            }
        },
        "node_modules/string_decoder": {
            "version": "0.10.31",
            "resolved": "https://registry.npmjs.org/string_decoder/-/string_decoder-0.10.31.tgz",
            "integrity": "sha512-ev2QzSzWPYmy9GuqfIVildA4OdcGLeFZQrq5ys6RtiuF+RQQiZWr8TZNyAcuVXyQRYfEO+MsoB/1BuQVhOJuoQ=="
        },
        "node_modules/util-deprecate": {
            "version": "1.0.2",
            "resolved": "https://registry.npmjs.org/util-deprecate/-/util-deprecate-1.0.2.tgz",
            "integrity": "sha512-EPD5q1uXyFxJpCrLnCc1nHnq3gOa6DZBocAIiI2TaSCA7VCJ1UJDMagCzIkXNsUYfD1daK//LTEQ8xiIbrHtcw=="
        }
    },
    "dependencies": {
        "@types/bson": {
            "version": "4.0.5",
            "resolved": "https://registry.npmjs.org/@types/bson/-/bson-4.0.5.tgz",
            "integrity": "sha512-vVLwMUqhYJSQ/WKcE60eFqcyuWse5fGH+NMAXHuKrUAPoryq3ATxk5o4bgYNtg5aOM4APVg7Hnb3ASqUYG0PKg==",
            "requires": {
                "@types/node": "*"
            }
        },
        "@types/mongodb": {
            "version": "3.6.20",
            "resolved": "https://registry.npmjs.org/@types/mongodb/-/mongodb-3.6.20.tgz",
            "integrity": "sha512-WcdpPJCakFzcWWD9juKoZbRtQxKIMYF/JIAM4JrNHrMcnJL6/a2NWjXxW7fo9hxboxxkg+icff8d7+WIEvKgYQ==",
            "requires": {
                "@types/bson": "*",
                "@types/node": "*"
            }
        },
        "@types/node": {
            "version": "18.0.6",
            "resolved": "https://registry.npmjs.org/@types/node/-/node-18.0.6.tgz",
            "integrity": "sha512-/xUq6H2aQm261exT6iZTMifUySEt4GR5KX8eYyY+C4MSNPqSh9oNIP7tz2GLKTlFaiBbgZNxffoR3CVRG+cljw=="
        },
        "async": {
            "version": "0.2.10",
            "resolved": "https://registry.npmjs.org/async/-/async-0.2.10.tgz",
            "integrity": "sha512-eAkdoKxU6/LkKDBzLpT+t6Ff5EtfSF4wx1WfJiPEEV7WNLnDaRXk0oVysiEPm262roaachGexwUv94WhSgN5TQ=="
        },
        "async-lock": {
            "version": "0.3.10",
            "resolved": "https://registry.npmjs.org/async-lock/-/async-lock-0.3.10.tgz",
            "integrity": "sha512-wX+7/zs2lzp3InSVoMQ9d9/Buymi2IyjCs1NflxiWz6opNxDUbeZhFt4sEaa44+KdqCzc3LEj7Vf0HNz4Zu+WA==",
            "requires": {
                "q": "~1.5.0"
            }
        },
        "bl": {
            "version": "2.2.1",
            "resolved": "https://registry.npmjs.org/bl/-/bl-2.2.1.tgz",
            "integrity": "sha512-6Pesp1w0DEX1N550i/uGV/TqucVL4AM/pgThFSN/Qq9si1/DF9aIHs1BxD8V/QU0HoeHO6cQRTAuYnLPKq1e4g==",
            "requires": {
                "readable-stream": "^2.3.5",
                "safe-buffer": "^5.1.1"
            },
            "dependencies": {
                "isarray": {
                    "version": "1.0.0",
                    "resolved": "https://registry.npmjs.org/isarray/-/isarray-1.0.0.tgz",
                    "integrity": "sha512-VLghIWNM6ELQzo7zwmcg0NmTVyWKYjvIeM83yjp0wRDTmUnrM678fQbcKBo6n2CJEF0szoG//ytg+TKla89ALQ=="
                },
                "readable-stream": {
                    "version": "2.3.7",
                    "resolved": "https://registry.npmjs.org/readable-stream/-/readable-stream-2.3.7.tgz",
                    "integrity": "sha512-Ebho8K4jIbHAxnuxi7o42OrZgF/ZTNcsZj6nRKyUmkhLFq8CHItp/fy6hQZuZmP/n3yZ9VBUbp4zz/mX8hmYPw==",
                    "requires": {
                        "core-util-is": "~1.0.0",
                        "inherits": "~2.0.3",
                        "isarray": "~1.0.0",
                        "process-nextick-args": "~2.0.0",
                        "safe-buffer": "~5.1.1",
                        "string_decoder": "~1.1.1",
                        "util-deprecate": "~1.0.1"
                    }
                },
                "safe-buffer": {
                    "version": "5.1.2",
                    "resolved": "https://registry.npmjs.org/safe-buffer/-/safe-buffer-5.1.2.tgz",
                    "integrity": "sha512-Gd2UZBJDkXlY7GbJxfsE8/nvKkUEU1G38c1siN6QP6a9PT9MmHB8GnpscSmMJSoF8LOIrt8ud/wPtojys4G6+g=="
                },
                "string_decoder": {
                    "version": "1.1.1",
                    "resolved": "https://registry.npmjs.org/string_decoder/-/string_decoder-1.1.1.tgz",
                    "integrity": "sha512-n/ShnvDi6FHbbVfviro+WojiFzv+s8MPMHBczVePfUpDJLwoLT0ht1l4YwBCbi8pJAveEEdnkHyPyTP/mzRfwg==",
                    "requires": {
                        "safe-buffer": "~5.1.0"
                    }
                }
            }
        },
        "bluebird": {
            "version": "2.9.34",
            "resolved": "https://registry.npmjs.org/bluebird/-/bluebird-2.9.34.tgz",
            "integrity": "sha512-ZDzCb87X7/IP1uzQ5eJZB+WoQRGTnKL5DHWvPw6kkMbQseouiQIrEi3P1UGE0D1k0N5/+aP/5GMCyHZ1xYJyHQ=="
        },
        "bson": {
            "version": "0.4.23",
            "resolved": "https://registry.npmjs.org/bson/-/bson-0.4.23.tgz",
            "integrity": "sha512-xMUimhLm6y4t9BTW6BQGRHs9PODB9082EUX/Gkx6M9T2ktuJ5LvMxY/20ukuk0Uc+WPL37pbMIy731XF7eTxjg=="
        },
        "core-util-is": {
            "version": "1.0.3",
            "resolved": "https://registry.npmjs.org/core-util-is/-/core-util-is-1.0.3.tgz",
            "integrity": "sha512-ZQBvi1DcpJ4GDqanjucZ2Hj3wEO5pZDS89BWbkcrvdxksJorwUDDZamX9ldFkp9aw2lmBDLgkObEA4DWNJ9FYQ=="
        },
        "debug": {
            "version": "3.1.0",
            "resolved": "https://registry.npmjs.org/debug/-/debug-3.1.0.tgz",
            "integrity": "sha512-OX8XqP7/1a9cqkxYw2yXss15f26NKWBpDXQd0/uK/KPqdQhxbPa994hnzjcE2VqQpDslf55723cKPUOGSmMY3g==",
            "requires": {
                "ms": "2.0.0"
            },
            "dependencies": {
                "ms": {
                    "version": "2.0.0",
                    "resolved": "https://registry.npmjs.org/ms/-/ms-2.0.0.tgz",
                    "integrity": "sha512-Tpp60P6IUJDTuOq/5Z8cdskzJujfwqfOTkrwIwj7IRISpnkJnT6SyJ4PCPnGMoFjC9ddhal5KVIYtAt97ix05A=="
                }
            }
        },
        "denque": {
            "version": "1.5.1",
            "resolved": "https://registry.npmjs.org/denque/-/denque-1.5.1.tgz",
            "integrity": "sha512-XwE+iZ4D6ZUB7mfYRMb5wByE8L74HCn30FBN7sWnXksWc1LO1bPDl67pBR9o/kC4z/xSNAwkMYcGgqDV3BE3Hw=="
        },
        "es6-promise": {
            "version": "2.1.1",
            "resolved": "https://registry.npmjs.org/es6-promise/-/es6-promise-2.1.1.tgz",
            "integrity": "sha512-R/JdLj56a8CEfCYtt4HC1b0CWTy+XD9Ne3YgictYpB4JaFCdn/QZkaV2Mz4P7g3cpkpvMzz6O20+eqvDOWQc+w=="
        },
        "inherits": {
            "version": "2.0.4",
            "resolved": "https://registry.npmjs.org/inherits/-/inherits-2.0.4.tgz",
            "integrity": "sha512-k/vGaX4/Yla3WzyMCvTQOXYeIHvqOKtnqBduzTHpzpQZzAskKMhZ2K+EnBiSM9zGSoIFeMpXKxa4dYeZIQqewQ=="
        },
        "isarray": {
            "version": "0.0.1",
            "resolved": "https://registry.npmjs.org/isarray/-/isarray-0.0.1.tgz",
            "integrity": "sha512-D2S+3GLxWH+uhrNEcoh/fnmYeP8E8/zHl644d/jdA0g2uyXvy3sb0qxotE+ne0LtccHknQzWwZEzhak7oJ0COQ=="
        },
        "kareem": {
            "version": "2.3.2",
            "resolved": "https://registry.npmjs.org/kareem/-/kareem-2.3.2.tgz",
            "integrity": "sha512-STHz9P7X2L4Kwn72fA4rGyqyXdmrMSdxqHx9IXon/FXluXieaFA6KJ2upcHAHxQPQ0LeM/OjLrhFxifHewOALQ=="
        },
        "kerberos": {
            "version": "0.0.24",
            "resolved": "https://registry.npmjs.org/kerberos/-/kerberos-0.0.24.tgz",
            "integrity": "sha512-QO6bFq9eETHB5zcA0OJiQtw137TH45OuUcGtI+QGg2ZJQIPCvwXL2kjCqZZMColcIdbPhj4X40EY5f3oOiBfiw==",
            "optional": true,
            "requires": {
                "nan": "~2.10.0"
            }
        },
        "lodash": {
            "version": "3.7.0",
            "resolved": "https://registry.npmjs.org/lodash/-/lodash-3.7.0.tgz",
            "integrity": "sha512-73GDDlioRJOCHV8N9gnBEpjdWI34+e9AvMnS4qdqdMfl8/yH/dJP1tfuqUFccZ/deZQlHuJiRSuKXjKIfDwBOg=="
        },
        "log4js": {
            "version": "0.6.21",
            "resolved": "https://registry.npmjs.org/log4js/-/log4js-0.6.21.tgz",
            "integrity": "sha512-FTVbxLoseCb1TWfBMNhlDieSWuoJxVC+F5lQTUYhvbSbd8nduSsGH4m4T5vfXzy2YcDNboHslomKbe6uxvuGEg==",
            "requires": {
                "async": "~0.2.0",
                "readable-stream": "~1.0.2",
                "semver": "~1.1.4"
            }
        },
        "memdb-logger": {
            "version": "0.1.7",
            "resolved": "https://registry.npmjs.org/memdb-logger/-/memdb-logger-0.1.7.tgz",
            "integrity": "sha512-qE6u3RRgG/vtXdUYq1jlXlaKxDsBw3Hhpg7VzhWlfGH2nKxVAXy9fGEv3aZOuHOXJ6pq8fK+6LEe7YUiiiCZvQ==",
            "requires": {
                "log4js": "0.6.21"
            }
        },
        "memory-pager": {
            "version": "1.5.0",
            "resolved": "https://registry.npmjs.org/memory-pager/-/memory-pager-1.5.0.tgz",
            "integrity": "sha512-ZS4Bp4r/Zoeq6+NLJpP+0Zzm0pR8whtGPf1XExKLJBAczGMnSi3It14OiNCStjQjM6NU1okjQGSxgEZN8eBYKg==",
            "optional": true
        },
        "mongodb": {
            "version": "2.0.39",
            "resolved": "https://registry.npmjs.org/mongodb/-/mongodb-2.0.39.tgz",
            "integrity": "sha512-x+K+n2gMtf80IOL1fldwS1k7pa0Ow032x9upW6BVjC9ZeWjKKmqqe1UaGLk0R2ejRB8e1YlFO1vqGzxVGnh8gA==",
            "requires": {
                "es6-promise": "2.1.1",
                "mongodb-core": "1.2.6",
                "readable-stream": "1.0.31"
            },
            "dependencies": {
                "readable-stream": {
                    "version": "1.0.31",
                    "resolved": "https://registry.npmjs.org/readable-stream/-/readable-stream-1.0.31.tgz",
                    "integrity": "sha512-tco/Dwv1f/sgIgN6CWdj/restacPKNskK6yps1981ivH2ZmLYcs5o5rVzL3qaO/cSkhN8hYOMWs7+glzOLSgRg==",
                    "requires": {
                        "core-util-is": "~1.0.0",
                        "inherits": "~2.0.1",
                        "isarray": "0.0.1",
                        "string_decoder": "~0.10.x"
                    }
                }
            }
        },
        "mongodb-core": {
            "version": "1.2.6",
            "resolved": "https://registry.npmjs.org/mongodb-core/-/mongodb-core-1.2.6.tgz",
            "integrity": "sha512-vh1NRtI5trsgiP8d41QuYecC9GmDLi+RWRfgJbLvgDQ6J22syIckDzYUWQXXtTzxLpeOYGbuhUlpvQ3Ee2X7UQ==",
            "requires": {
                "bson": "~0.4",
                "kerberos": "~0.0"
            }
        },
        "mongoose": {
            "version": "5.13.14",
            "resolved": "https://registry.npmjs.org/mongoose/-/mongoose-5.13.14.tgz",
            "integrity": "sha512-j+BlQjjxgZg0iWn42kLeZTB91OejcxWpY2Z50bsZTiKJ7HHcEtcY21Godw496GMkBqJMTzmW7G/kZ04mW+Cb7Q==",
            "requires": {
                "@types/bson": "1.x || 4.0.x",
                "@types/mongodb": "^3.5.27",
                "bson": "^1.1.4",
                "kareem": "2.3.2",
                "mongodb": "3.7.3",
                "mongoose-legacy-pluralize": "1.0.2",
                "mpath": "0.8.4",
                "mquery": "3.2.5",
                "ms": "2.1.2",
                "optional-require": "1.0.x",
                "regexp-clone": "1.0.0",
                "safe-buffer": "5.2.1",
                "sift": "13.5.2",
                "sliced": "1.0.1"
            },
            "dependencies": {
                "bson": {
                    "version": "1.1.6",
                    "resolved": "https://registry.npmjs.org/bson/-/bson-1.1.6.tgz",
                    "integrity": "sha512-EvVNVeGo4tHxwi8L6bPj3y3itEvStdwvvlojVxxbyYfoaxJ6keLgrTuKdyfEAszFK+H3olzBuafE0yoh0D1gdg=="
                },
                "mongodb": {
                    "version": "3.7.3",
                    "resolved": "https://registry.npmjs.org/mongodb/-/mongodb-3.7.3.tgz",
                    "integrity": "sha512-Psm+g3/wHXhjBEktkxXsFMZvd3nemI0r3IPsE0bU+4//PnvNWKkzhZcEsbPcYiWqe8XqXJJEg4Tgtr7Raw67Yw==",
                    "requires": {
                        "bl": "^2.2.1",
                        "bson": "^1.1.4",
                        "denque": "^1.4.1",
                        "optional-require": "^1.1.8",
                        "safe-buffer": "^5.1.2",
                        "saslprep": "^1.0.0"
                    },
                    "dependencies": {
                        "optional-require": {
                            "version": "1.1.8",
                            "resolved": "https://registry.npmjs.org/optional-require/-/optional-require-1.1.8.tgz",
                            "integrity": "sha512-jq83qaUb0wNg9Krv1c5OQ+58EK+vHde6aBPzLvPPqJm89UQWsvSuFy9X/OSNJnFeSOKo7btE0n8Nl2+nE+z5nA==",
                            "requires": {
                                "require-at": "^1.0.6"
                            }
                        }
                    }
                }
            }
        },
        "mongoose-legacy-pluralize": {
            "version": "1.0.2",
            "resolved": "https://registry.npmjs.org/mongoose-legacy-pluralize/-/mongoose-legacy-pluralize-1.0.2.tgz",
            "integrity": "sha512-Yo/7qQU4/EyIS8YDFSeenIvXxZN+ld7YdV9LqFVQJzTLye8unujAWPZ4NWKfFA+RNjh+wvTWKY9Z3E5XM6ZZiQ==",
            "requires": {}
        },
        "mpath": {
            "version": "0.8.4",
            "resolved": "https://registry.npmjs.org/mpath/-/mpath-0.8.4.tgz",
            "integrity": "sha512-DTxNZomBcTWlrMW76jy1wvV37X/cNNxPW1y2Jzd4DZkAaC5ZGsm8bfGfNOthcDuRJujXLqiuS6o3Tpy0JEoh7g=="
        },
        "mquery": {
            "version": "3.2.5",
            "resolved": "https://registry.npmjs.org/mquery/-/mquery-3.2.5.tgz",
            "integrity": "sha512-VjOKHHgU84wij7IUoZzFRU07IAxd5kWJaDmyUzQlbjHjyoeK5TNeeo8ZsFDtTYnSgpW6n/nMNIHvE3u8Lbrf4A==",
            "requires": {
                "bluebird": "3.5.1",
                "debug": "3.1.0",
                "regexp-clone": "^1.0.0",
                "safe-buffer": "5.1.2",
                "sliced": "1.0.1"
            },
            "dependencies": {
                "bluebird": {
                    "version": "3.5.1",
                    "resolved": "https://registry.npmjs.org/bluebird/-/bluebird-3.5.1.tgz",
                    "integrity": "sha512-MKiLiV+I1AA596t9w1sQJ8jkiSr5+ZKi0WKrYGUn6d1Fx+Ij4tIj+m2WMQSGczs5jZVxV339chE8iwk6F64wjA=="
                },
                "safe-buffer": {
                    "version": "5.1.2",
                    "resolved": "https://registry.npmjs.org/safe-buffer/-/safe-buffer-5.1.2.tgz",
                    "integrity": "sha512-Gd2UZBJDkXlY7GbJxfsE8/nvKkUEU1G38c1siN6QP6a9PT9MmHB8GnpscSmMJSoF8LOIrt8ud/wPtojys4G6+g=="
                }
            }
        },
        "ms": {
            "version": "2.1.2",
            "resolved": "https://registry.npmjs.org/ms/-/ms-2.1.2.tgz",
            "integrity": "sha512-sGkPx+VjMtmA6MX27oA4FBFELFCZZ4S4XqeGOXCv68tT+jb3vk/RyaKWP0PTKyWtmLSM0b+adUTEvbs1PEaH2w=="
        },
        "nan": {
            "version": "2.10.0",
            "resolved": "https://registry.npmjs.org/nan/-/nan-2.10.0.tgz",
            "integrity": "sha512-bAdJv7fBLhWC+/Bls0Oza+mvTaNQtP+1RyhhhvD95pgUJz6XM5IzgmxOkItJ9tkoCiplvAnXI1tNmmUD/eScyA==",
            "optional": true
        },
        "node-uuid": {
            "version": "1.4.8",
            "resolved": "https://registry.npmjs.org/node-uuid/-/node-uuid-1.4.8.tgz",
            "integrity": "sha512-TkCET/3rr9mUuRp+CpO7qfgT++aAxfDRaalQhwPFzI9BY/2rCDn6OfpZOVggi1AXfTPpfkTrg5f5WQx5G1uLxA=="
        },
        "optional-require": {
            "version": "1.0.3",
            "resolved": "https://registry.npmjs.org/optional-require/-/optional-require-1.0.3.tgz",
            "integrity": "sha512-RV2Zp2MY2aeYK5G+B/Sps8lW5NHAzE5QClbFP15j+PWmP+T9PxlJXBOOLoSAdgwFvS4t0aMR4vpedMkbHfh0nA=="
        },
        "process-nextick-args": {
            "version": "2.0.1",
            "resolved": "https://registry.npmjs.org/process-nextick-args/-/process-nextick-args-2.0.1.tgz",
            "integrity": "sha512-3ouUOpQhtgrbOa17J7+uxOTpITYWaGP7/AhoR3+A+/1e9skrzelGi/dXzEYyvbxubEF6Wn2ypscTKiKJFFn1ag=="
        },
        "q": {
            "version": "1.5.1",
            "resolved": "https://registry.npmjs.org/q/-/q-1.5.1.tgz",
            "integrity": "sha512-kV/CThkXo6xyFEZUugw/+pIOywXcDbFYgSct5cT3gqlbkBE1SJdwy6UQoZvodiWF/ckQLZyDE/Bu1M6gVu5lVw=="
        },
        "readable-stream": {
            "version": "1.0.34",
            "resolved": "https://registry.npmjs.org/readable-stream/-/readable-stream-1.0.34.tgz",
            "integrity": "sha512-ok1qVCJuRkNmvebYikljxJA/UEsKwLl2nI1OmaqAu4/UE+h0wKCHok4XkL/gvi39OacXvw59RJUOFUkDib2rHg==",
            "requires": {
                "core-util-is": "~1.0.0",
                "inherits": "~2.0.1",
                "isarray": "0.0.1",
                "string_decoder": "~0.10.x"
            }
        },
        "regexp-clone": {
            "version": "1.0.0",
            "resolved": "https://registry.npmjs.org/regexp-clone/-/regexp-clone-1.0.0.tgz",
            "integrity": "sha512-TuAasHQNamyyJ2hb97IuBEif4qBHGjPHBS64sZwytpLEqtBQ1gPJTnOaQ6qmpET16cK14kkjbazl6+p0RRv0yw=="
        },
        "require-at": {
            "version": "1.0.6",
            "resolved": "https://registry.npmjs.org/require-at/-/require-at-1.0.6.tgz",
            "integrity": "sha512-7i1auJbMUrXEAZCOQ0VNJgmcT2VOKPRl2YGJwgpHpC9CE91Mv4/4UYIUm4chGJaI381ZDq1JUicFii64Hapd8g=="
        },
        "safe-buffer": {
            "version": "5.2.1",
            "resolved": "https://registry.npmjs.org/safe-buffer/-/safe-buffer-5.2.1.tgz",
            "integrity": "sha512-rp3So07KcdmmKbGvgaNxQSJr7bGVSVk5S9Eq1F+ppbRo70+YeaDxkw5Dd8NPN+GD6bjnYm2VuPuCXmpuYvmCXQ=="
        },
        "saslprep": {
            "version": "1.0.3",
            "resolved": "https://registry.npmjs.org/saslprep/-/saslprep-1.0.3.tgz",
            "integrity": "sha512-/MY/PEMbk2SuY5sScONwhUDsV2p77Znkb/q3nSVstq/yQzYJOH/Azh29p9oJLsl3LnQwSvZDKagDGBsBwSooag==",
            "optional": true,
            "requires": {
                "sparse-bitfield": "^3.0.3"
            }
        },
        "semver": {
            "version": "1.1.4",
            "resolved": "https://registry.npmjs.org/semver/-/semver-1.1.4.tgz",
            "integrity": "sha512-9causpLEkYDrfTz7cprleLz9dnlb0oKsKRHl33K92wJmXLhVc2dGlrQGJT/sjtLOAyuoQZl+ClI77+lnvzPSKg=="
        },
        "sift": {
            "version": "13.5.2",
            "resolved": "https://registry.npmjs.org/sift/-/sift-13.5.2.tgz",
            "integrity": "sha512-+gxdEOMA2J+AI+fVsCqeNn7Tgx3M9ZN9jdi95939l1IJ8cZsqS8sqpJyOkic2SJk+1+98Uwryt/gL6XDaV+UZA=="
        },
        "sliced": {
            "version": "1.0.1",
            "resolved": "https://registry.npmjs.org/sliced/-/sliced-1.0.1.tgz",
            "integrity": "sha512-VZBmZP8WU3sMOZm1bdgTadsQbcscK0UM8oKxKVBs4XAhUo2Xxzm/OFMGBkPusxw9xL3Uy8LrzEqGqJhclsr0yA=="
        },
        "sparse-bitfield": {
            "version": "3.0.3",
            "resolved": "https://registry.npmjs.org/sparse-bitfield/-/sparse-bitfield-3.0.3.tgz",
            "integrity": "sha512-kvzhi7vqKTfkh0PZU+2D2PIllw2ymqJKujUcyPMd9Y75Nv4nPbGJZXNhxsgdQab2BmlDct1YnfQCguEvHr7VsQ==",
            "optional": true,
            "requires": {
                "memory-pager": "^1.0.2"
            }
        },
        "string_decoder": {
            "version": "0.10.31",
            "resolved": "https://registry.npmjs.org/string_decoder/-/string_decoder-0.10.31.tgz",
            "integrity": "sha512-ev2QzSzWPYmy9GuqfIVildA4OdcGLeFZQrq5ys6RtiuF+RQQiZWr8TZNyAcuVXyQRYfEO+MsoB/1BuQVhOJuoQ=="
        },
        "util-deprecate": {
            "version": "1.0.2",
            "resolved": "https://registry.npmjs.org/util-deprecate/-/util-deprecate-1.0.2.tgz",
            "integrity": "sha512-EPD5q1uXyFxJpCrLnCc1nHnq3gOa6DZBocAIiI2TaSCA7VCJ1UJDMagCzIkXNsUYfD1daK//LTEQ8xiIbrHtcw=="
        }
    }
}
